#MicroXplorer Configuration settings - do not modify
#Mon May 18 01:27:50 CEST 2015
File.Version=4
KeepUserPlacement=false
Mcu.Family=STM32F4
Mcu.IP0=NVIC
Mcu.IP1=RCC
Mcu.IP2=SPI1
Mcu.IP3=TIM7
Mcu.IP4=USB_DEVICE
Mcu.IP5=USB_OTG_FS
Mcu.IPNb=6
Mcu.Name=STM32F407V(E-G)Tx
Mcu.Package=LQFP100
Mcu.Pin0=PE2
Mcu.Pin1=PA5
Mcu.Pin10=VP_TIM7_VS_ClockSourceINT
Mcu.Pin11=VP_TIM7_VS_OPM
Mcu.Pin12=VP_USB_DEVICE_VS_USB_DEVICE_CDC_FS
Mcu.Pin2=PA6
Mcu.Pin3=PA7
Mcu.Pin4=PD13
Mcu.Pin5=PA9
Mcu.Pin6=PA11
Mcu.Pin7=PA12
Mcu.Pin8=PE0
Mcu.Pin9=PE1
Mcu.PinsNb=13
Mcu.UserName=STM32F407VGTx
NVIC.EXTI0_IRQn=true\:0\:0
NVIC.EXTI1_IRQn=true\:0\:0
NVIC.OTG_FS_IRQn=true\:0\:0
NVIC.PriorityGroup=NVIC_PRIORITYGROUP_0
NVIC.SysTick_IRQn=true\:0\:0
NVIC.TIM7_IRQn=true\:0\:0
PA11.GPIOParameters=GPIO_Speed,GPIO_PuPd,GPIO_Mode
PA11.GPIO_Mode=GPIO_MODE_AF_PP
PA11.GPIO_PuPd=GPIO_NOPULL
PA11.GPIO_Speed=GPIO_SPEED_HIGH
PA11.Locked=true
PA11.Mode=Device_Only
PA11.Signal=USB_OTG_FS_DM
PA12.GPIOParameters=GPIO_Speed,GPIO_PuPd,GPIO_Mode
PA12.GPIO_Mode=GPIO_MODE_AF_PP
PA12.GPIO_PuPd=GPIO_NOPULL
PA12.GPIO_Speed=GPIO_SPEED_HIGH
PA12.Locked=true
PA12.Mode=Device_Only
PA12.Signal=USB_OTG_FS_DP
PA5.GPIOParameters=GPIO_Speed,GPIO_PuPd,GPIO_Mode
PA5.GPIO_Mode=GPIO_MODE_AF_PP
PA5.GPIO_PuPd=GPIO_PULLDOWN
PA5.GPIO_Speed=GPIO_SPEED_FAST
PA5.Mode=Full_Duplex_Master
PA5.Signal=SPI1_SCK
PA6.GPIOParameters=GPIO_Speed,GPIO_PuPd,GPIO_Mode
PA6.GPIO_Mode=GPIO_MODE_AF_PP
PA6.GPIO_PuPd=GPIO_PULLDOWN
PA6.GPIO_Speed=GPIO_SPEED_FAST
PA6.Mode=Full_Duplex_Master
PA6.Signal=SPI1_MISO
PA7.GPIOParameters=GPIO_Speed,GPIO_PuPd,GPIO_Mode
PA7.GPIO_Mode=GPIO_MODE_AF_PP
PA7.GPIO_PuPd=GPIO_PULLDOWN
PA7.GPIO_Speed=GPIO_SPEED_FAST
PA7.Mode=Full_Duplex_Master
PA7.Signal=SPI1_MOSI
PA9.Locked=true
PA9.Mode=Activate_VBUS
PA9.Signal=USB_OTG_FS_VBUS
PCC.Family=STM32F4
PCC.MCU=STM32F407V(E-G)Tx
PCC.MXVersion=4.3.1
PCC.PartNumber=STM32F407VGTx
PCC.Seq0=0
PCC.SubFamily=STM32F407/417
PCC.Temperature=25
PCC.Vdd=3.3
PD13.GPIOParameters=GPIO_Speed,GPIO_PuPd,GPIO_Label,GPIO_ModeDefaultOutputPP
PD13.GPIO_Label=Led_Orange
PD13.GPIO_ModeDefaultOutputPP=GPIO_MODE_OUTPUT_PP
PD13.GPIO_PuPd=GPIO_PULLDOWN
PD13.GPIO_Speed=GPIO_SPEED_FAST
PD13.Locked=true
PD13.Signal=GPIO_Output
PE0.GPIOParameters=GPIO_PuPd,GPIO_Label,GPIO_ModeDefaultEXTI
PE0.GPIO_Label=INT1
PE0.GPIO_ModeDefaultEXTI=GPIO_MODE_EVT_RISING
PE0.GPIO_PuPd=GPIO_PULLUP
PE0.Locked=true
PE0.Signal=GPXTI0
PE1.GPIOParameters=GPIO_PuPd,GPIO_Label,GPIO_ModeDefaultEXTI
PE1.GPIO_Label=INT2
PE1.GPIO_ModeDefaultEXTI=GPIO_MODE_EVT_RISING
PE1.GPIO_PuPd=GPIO_PULLUP
PE1.Locked=true
PE1.Signal=GPXTI1
PE2.GPIOParameters=GPIO_Speed,GPIO_PuPd,GPIO_Label,GPIO_ModeDefaultOutputPP
PE2.GPIO_Label=SC
PE2.GPIO_ModeDefaultOutputPP=GPIO_MODE_OUTPUT_PP
PE2.GPIO_PuPd=GPIO_PULLUP
PE2.GPIO_Speed=GPIO_SPEED_HIGH
PE2.Locked=true
PE2.Signal=GPIO_Output
ProjectManager.AskForMigrate=true
ProjectManager.BackupPrevious=true
ProjectManager.CompilerOptimize=2
ProjectManager.ComputerToolchain=false
ProjectManager.CoupleFile=true
ProjectManager.DeletePrevious=true
ProjectManager.DeviceId=STM32F407VGTx
ProjectManager.FirmwarePackage=STM32Cube FW_F4 V1.3.0
ProjectManager.FreePins=false
ProjectManager.HalAssertFull=false
ProjectManager.KeepUserCode=true
ProjectManager.LastFirmware=true
ProjectManager.LibraryCopy=0
ProjectManager.ProjectBuild=false
ProjectManager.ProjectFileName=USB_FirstTest.ioc
ProjectManager.ProjectName=USB_FirstTest
ProjectManager.TargetToolchain=MDK-ARM 4.73
RCC.APB1CLKDivider=RCC_HCLK_DIV4
RCC.APB2CLKDivider=RCC_HCLK_DIV2
RCC.FamilyName=M
RCC.HSE_VALUE=25000000
RCC.HSI_VALUE=16000000
RCC.IPParameters=,LSI_VALUE,FamilyName,APB1CLKDivider,APB2CLKDivider,PLLN,VcooutputI2S,PLLQ,SYSCLKSource,LSE_VALUE,HSE_VALUE,HSI_VALUE
RCC.LSE_VALUE=32768
RCC.LSI_VALUE=32000
RCC.PLLN=336
RCC.PLLQ=7
RCC.SYSCLKSource=RCC_SYSCLKSOURCE_PLLCLK
RCC.VcooutputI2S=96000000
SH.GPXTI0.0=GPIO_EXTI0
SH.GPXTI0.ConfNb=1
SH.GPXTI1.0=GPIO_EXTI1
SH.GPXTI1.ConfNb=1
SPI1.BaudRatePrescaler-Full_Duplex_Master=SPI_BAUDRATEPRESCALER_16
SPI1.CalculateBaudRate-Full_Duplex_Master=5.25 MBits/s
SPI1.IPParameters=BaudRatePrescaler-Full_Duplex_Master,Mode-Full_Duplex_Master,CalculateBaudRate-Full_Duplex_Master
SPI1.Mode-Full_Duplex_Master=SPI_MODE_MASTER
TIM7.IPParameters=Prescaler,Period
TIM7.Period=62499
TIM7.Prescaler=671
USB_DEVICE.IPParameters=VirtualModeFS,USBD_HandleTypeDef,VirtualMode
USB_DEVICE.USBD_HandleTypeDef=hUsbDeviceFS
USB_DEVICE.VirtualMode=Cdc
USB_DEVICE.VirtualModeFS=Cdc_FS
USB_OTG_FS.IPParameters=VirtualMode-Device_Only
USB_OTG_FS.VirtualMode-Device_Only=Device_Only
VP_TIM7_VS_ClockSourceINT.Mode=Enable_Timer
VP_TIM7_VS_ClockSourceINT.Signal=TIM7_VS_ClockSourceINT
VP_TIM7_VS_OPM.Mode=OPM_bit
VP_TIM7_VS_OPM.Signal=TIM7_VS_OPM
VP_USB_DEVICE_VS_USB_DEVICE_CDC_FS.Mode=CDC_FS
VP_USB_DEVICE_VS_USB_DEVICE_CDC_FS.Signal=USB_DEVICE_VS_USB_DEVICE_CDC_FS
